
Microsoft Visual Studio Solution File, Format Version 12.00
# Visual Studio 15
VisualStudioVersion = 15.0.28307.421
MinimumVisualStudioVersion = 10.0.40219.1
Project("{FAE04EC0-301F-11D3-BF4B-00C04F79EFBC}") = "HotSpotUserInfo", "HotSpotUserInfo\HotSpotUserInfo.csproj", "{DBCF50E5-1278-49E1-9AE6-8FD077CB846B}"
EndProject
Global
	GlobalSection(SolutionConfigurationPlatforms) = preSolution
		Debug|Any CPU = Debug|Any CPU
		Release|Any CPU = Release|Any CPU
	EndGlobalSection
	GlobalSection(ProjectConfigurationPlatforms) = postSolution
		{DBCF50E5-1278-49E1-9AE6-8FD077CB846B}.Debug|Any CPU.ActiveCfg = Debug|Any CPU
		{DBCF50E5-1278-49E1-9AE6-8FD077CB846B}.Debug|Any CPU.Build.0 = Debug|Any CPU
		{DBCF50E5-1278-49E1-9AE6-8FD077CB846B}.Release|Any CPU.ActiveCfg = Release|Any CPU
		{DBCF50E5-1278-49E1-9AE6-8FD077CB846B}.Release|Any CPU.Build.0 = Release|Any CPU
	EndGlobalSection
	GlobalSection(SolutionProperties) = preSolution
		HideSolutionNode = FALSE
	EndGlobalSection
	GlobalSection(ExtensibilityGlobals) = postSolution
		SolutionGuid = {F2690B53-0035-475C-849E-769F89C72C56}
	EndGlobalSection
EndGlobal
